// !$*UTF8*$!
{
	archiveVersion = 1;
	classes = {
	};
	objectVersion = 56;
	objects = {

/* Begin PBXBuildFile section */
		85781FF52B6F99E400ECA1B7 /* AppDelegate.swift in Sources */ = {isa = PBXBuildFile; fileRef = 85781FF42B6F99E400ECA1B7 /* AppDelegate.swift */; };
		85781FFE2B6F99E600ECA1B7 /* Assets.xcassets in Resources */ = {isa = PBXBuildFile; fileRef = 85781FFD2B6F99E600ECA1B7 /* Assets.xcassets */; };
		857820012B6F99E600ECA1B7 /* LaunchScreen.storyboard in Resources */ = {isa = PBXBuildFile; fileRef = 85781FFF2B6F99E600ECA1B7 /* LaunchScreen.storyboard */; };
		8578200A2B6F9A1200ECA1B7 /* MainVC.swift in Sources */ = {isa = PBXBuildFile; fileRef = 857820082B6F9A1200ECA1B7 /* MainVC.swift */; };
		8578200B2B6F9A1200ECA1B7 /* MainVC.xib in Resources */ = {isa = PBXBuildFile; fileRef = 857820092B6F9A1200ECA1B7 /* MainVC.xib */; };
		8578200D2B6F9C3400ECA1B7 /* simple.json in Resources */ = {isa = PBXBuildFile; fileRef = 8578200C2B6F9C3300ECA1B7 /* simple.json */; };
		8578200F2B6FA24B00ECA1B7 /* Models.swift in Sources */ = {isa = PBXBuildFile; fileRef = 8578200E2B6FA24B00ECA1B7 /* Models.swift */; };
		857820162B6FB6A300ECA1B7 /* VideoCVC.swift in Sources */ = {isa = PBXBuildFile; fileRef = 857820142B6FB6A300ECA1B7 /* VideoCVC.swift */; };
		857820172B6FB6A300ECA1B7 /* VideoCVC.xib in Resources */ = {isa = PBXBuildFile; fileRef = 857820152B6FB6A300ECA1B7 /* VideoCVC.xib */; };
/* End PBXBuildFile section */

/* Begin PBXFileReference section */
		85781FF12B6F99E400ECA1B7 /* AVPlayerApp.app */ = {isa = PBXFileReference; explicitFileType = wrapper.application; includeInIndex = 0; path = AVPlayerApp.app; sourceTree = BUILT_PRODUCTS_DIR; };
		85781FF42B6F99E400ECA1B7 /* AppDelegate.swift */ = {isa = PBXFileReference; lastKnownFileType = sourcecode.swift; path = AppDelegate.swift; sourceTree = "<group>"; };
		85781FFD2B6F99E600ECA1B7 /* Assets.xcassets */ = {isa = PBXFileReference; lastKnownFileType = folder.assetcatalog; path = Assets.xcassets; sourceTree = "<group>"; };
		857820002B6F99E600ECA1B7 /* Base */ = {isa = PBXFileReference; lastKnownFileType = file.storyboard; name = Base; path = Base.lproj/LaunchScreen.storyboard; sourceTree = "<group>"; };
		857820022B6F99E600ECA1B7 /* Info.plist */ = {isa = PBXFileReference; lastKnownFileType = text.plist.xml; path = Info.plist; sourceTree = "<group>"; };
		857820082B6F9A1200ECA1B7 /* MainVC.swift */ = {isa = PBXFileReference; lastKnownFileType = sourcecode.swift; path = MainVC.swift; sourceTree = "<group>"; };
		857820092B6F9A1200ECA1B7 /* MainVC.xib */ = {isa = PBXFileReference; lastKnownFileType = file.xib; path = MainVC.xib; sourceTree = "<group>"; };
		8578200C2B6F9C3300ECA1B7 /* simple.json */ = {isa = PBXFileReference; fileEncoding = 4; lastKnownFileType = text.json; name = simple.json; path = "../../../Downloads/AVVideoPlayInCollectionViewCell-main/PlayVideoInCollectionViewcell/PlayVideoInCollectionViewcell/simple.json"; sourceTree = "<group>"; };
		8578200E2B6FA24B00ECA1B7 /* Models.swift */ = {isa = PBXFileReference; lastKnownFileType = sourcecode.swift; path = Models.swift; sourceTree = "<group>"; };
		857820142B6FB6A300ECA1B7 /* VideoCVC.swift */ = {isa = PBXFileReference; lastKnownFileType = sourcecode.swift; path = VideoCVC.swift; sourceTree = "<group>"; };
		857820152B6FB6A300ECA1B7 /* VideoCVC.xib */ = {isa = PBXFileReference; lastKnownFileType = file.xib; path = VideoCVC.xib; sourceTree = "<group>"; };
/* End PBXFileReference section */

/* Begin PBXFrameworksBuildPhase section */
		85781FEE2B6F99E400ECA1B7 /* Frameworks */ = {
			isa = PBXFrameworksBuildPhase;
			buildActionMask = 2147483647;
			files = (
			);
			runOnlyForDeploymentPostprocessing = 0;
		};
/* End PBXFrameworksBuildPhase section */

/* Begin PBXGroup section */
		85781FE82B6F99E400ECA1B7 = {
			isa = PBXGroup;
			children = (
				85781FF32B6F99E400ECA1B7 /* AVPlayerApp */,
				85781FF22B6F99E400ECA1B7 /* Products */,
			);
			sourceTree = "<group>";
		};
		85781FF22B6F99E400ECA1B7 /* Products */ = {
			isa = PBXGroup;
			children = (
				85781FF12B6F99E400ECA1B7 /* AVPlayerApp.app */,
			);
			name = Products;
			sourceTree = "<group>";
		};
		85781FF32B6F99E400ECA1B7 /* AVPlayerApp */ = {
			isa = PBXGroup;
			children = (
				85781FF42B6F99E400ECA1B7 /* AppDelegate.swift */,
				85781FFD2B6F99E600ECA1B7 /* Assets.xcassets */,
				85781FFF2B6F99E600ECA1B7 /* LaunchScreen.storyboard */,
				857820082B6F9A1200ECA1B7 /* MainVC.swift */,
				857820092B6F9A1200ECA1B7 /* MainVC.xib */,
				8578200C2B6F9C3300ECA1B7 /* simple.json */,
				8578200E2B6FA24B00ECA1B7 /* Models.swift */,
				857820142B6FB6A300ECA1B7 /* VideoCVC.swift */,
				857820152B6FB6A300ECA1B7 /* VideoCVC.xib */,
				857820022B6F99E600ECA1B7 /* Info.plist */,
			);
			path = AVPlayerApp;
			sourceTree = "<group>";
		};
/* End PBXGroup section */

/* Begin PBXNativeTarget section */
		85781FF02B6F99E400ECA1B7 /* AVPlayerApp */ = {
			isa = PBXNativeTarget;
			buildConfigurationList = 857820052B6F99E600ECA1B7 /* Build configuration list for PBXNativeTarget "AVPlayerApp" */;
			buildPhases = (
				85781FED2B6F99E400ECA1B7 /* Sources */,
				85781FEE2B6F99E400ECA1B7 /* Frameworks */,
				85781FEF2B6F99E400ECA1B7 /* Resources */,
			);
			buildRules = (
			);
			dependencies = (
			);
			name = AVPlayerApp;
			productName = AVPlayerApp;
			productReference = 85781FF12B6F99E400ECA1B7 /* AVPlayerApp.app */;
			productType = "com.apple.product-type.application";
		};
/* End PBXNativeTarget section */

/* Begin PBXProject section */
		85781FE92B6F99E400ECA1B7 /* Project object */ = {
			isa = PBXProject;
			attributes = {
				BuildIndependentTargetsInParallel = 1;
				LastSwiftUpdateCheck = 1420;
				LastUpgradeCheck = 1420;
				TargetAttributes = {
					85781FF02B6F99E400ECA1B7 = {
						CreatedOnToolsVersion = 14.2;
					};
				};
			};
			buildConfigurationList = 85781FEC2B6F99E400ECA1B7 /* Build configuration list for PBXProject "AVPlayerApp" */;
			compatibilityVersion = "Xcode 14.0";
			developmentRegion = en;
			hasScannedForEncodings = 0;
			knownRegions = (
				en,
				Base,
			);
			mainGroup = 85781FE82B6F99E400ECA1B7;
			productRefGroup = 85781FF22B6F99E400ECA1B7 /* Products */;
			projectDirPath = "";
			projectRoot = "";
			targets = (
				85781FF02B6F99E400ECA1B7 /* AVPlayerApp */,
			);
		};
/* End PBXProject section */

/* Begin PBXResourcesBuildPhase section */
		85781FEF2B6F99E400ECA1B7 /* Resources */ = {
			isa = PBXResourcesBuildPhase;
			buildActionMask = 2147483647;
			files = (
				8578200B2B6F9A1200ECA1B7 /* MainVC.xib in Resources */,
				857820172B6FB6A300ECA1B7 /* VideoCVC.xib in Resources */,
				8578200D2B6F9C3400ECA1B7 /* simple.json in Resources */,
				857820012B6F99E600ECA1B7 /* LaunchScreen.storyboard in Resources */,
				85781FFE2B6F99E600ECA1B7 /* Assets.xcassets in Resources */,
			);
			runOnlyForDeploymentPostprocessing = 0;
		};
/* End PBXResourcesBuildPhase section */

/* Begin PBXSourcesBuildPhase section */
		85781FED2B6F99E400ECA1B7 /* Sources */ = {
			isa = PBXSourcesBuildPhase;
			buildActionMask = 2147483647;
			files = (
				857820162B6FB6A300ECA1B7 /* VideoCVC.swift in Sources */,
				8578200F2B6FA24B00ECA1B7 /* Models.swift in Sources */,
				85781FF52B6F99E400ECA1B7 /* AppDelegate.swift in Sources */,
				8578200A2B6F9A1200ECA1B7 /* MainVC.swift in Sources */,
			);
			runOnlyForDeploymentPostprocessing = 0;
		};
/* End PBXSourcesBuildPhase section */

/* Begin PBXVariantGroup section */
		85781FFF2B6F99E600ECA1B7 /* LaunchScreen.storyboard */ = {
			isa = PBXVariantGroup;
			children = (
				857820002B6F99E600ECA1B7 /* Base */,
			);
			name = LaunchScreen.storyboard;
			sourceTree = "<group>";
		};
/* End PBXVariantGroup section */

/* Begin XCBuildConfiguration section */
		857820032B6F99E600ECA1B7 /* Debug */ = {
			isa = XCBuildConfiguration;
			buildSettings = {
				ALWAYS_SEARCH_USER_PATHS = NO;
				CLANG_ANALYZER_NONNULL = YES;
				CLANG_ANALYZER_NUMBER_OBJECT_CONVERSION = YES_AGGRESSIVE;
				CLANG_CXX_LANGUAGE_STANDARD = "gnu++20";
				CLANG_ENABLE_MODULES = YES;
				CLANG_ENABLE_OBJC_ARC = YES;
				CLANG_ENABLE_OBJC_WEAK = YES;
				CLANG_WARN_BLOCK_CAPTURE_AUTORELEASING = YES;
				CLANG_WARN_BOOL_CONVERSION = YES;
				CLANG_WARN_COMMA = YES;
				CLANG_WARN_CONSTANT_CONVERSION = YES;
				CLANG_WARN_DEPRECATED_OBJC_IMPLEMENTATIONS = YES;
				CLANG_WARN_DIRECT_OBJC_ISA_USAGE = YES_ERROR;
				CLANG_WARN_DOCUMENTATION_COMMENTS = YES;
				CLANG_WARN_EMPTY_BODY = YES;
				CLANG_WARN_ENUM_CONVERSION = YES;
				CLANG_WARN_INFINITE_RECURSION = YES;
				CLANG_WARN_INT_CONVERSION = YES;
				CLANG_WARN_NON_LITERAL_NULL_CONVERSION = YES;
				CLANG_WARN_OBJC_IMPLICIT_RETAIN_SELF = YES;
				CLANG_WARN_OBJC_LITERAL_CONVERSION = YES;
				CLANG_WARN_OBJC_ROOT_CLASS = YES_ERROR;
				CLANG_WARN_QUOTED_INCLUDE_IN_FRAMEWORK_HEADER = YES;
				CLANG_WARN_RANGE_LOOP_ANALYSIS = YES;
				CLANG_WARN_STRICT_PROTOTYPES = YES;
				CLANG_WARN_SUSPICIOUS_MOVE = YES;
				CLANG_WARN_UNGUARDED_AVAILABILITY = YES_AGGRESSIVE;
				CLANG_WARN_UNREACHABLE_CODE = YES;
				CLANG_WARN__DUPLICATE_METHOD_MATCH = YES;
				COPY_PHASE_STRIP = NO;
				DEBUG_INFORMATION_FORMAT = dwarf;
				ENABLE_STRICT_OBJC_MSGSEND = YES;
				ENABLE_TESTABILITY = YES;
				GCC_C_LANGUAGE_STANDARD = gnu11;
				GCC_DYNAMIC_NO_PIC = NO;
				GCC_NO_COMMON_BLOCKS = YES;
				GCC_OPTIMIZATION_LEVEL = 0;
				GCC_PREPROCESSOR_DEFINITIONS = (
					"DEBUG=1",
					"$(inherited)",
				);
				GCC_WARN_64_TO_32_BIT_CONVERSION = YES;
				GCC_WARN_ABOUT_RETURN_TYPE = YES_ERROR;
				GCC_WARN_UNDECLARED_SELECTOR = YES;
				GCC_WARN_UNINITIALIZED_AUTOS = YES_AGGRESSIVE;
				GCC_WARN_UNUSED_FUNCTION = YES;
				GCC_WARN_UNUSED_VARIABLE = YES;
				IPHONEOS_DEPLOYMENT_TARGET = 16.2;
				MTL_ENABLE_DEBUG_INFO = INCLUDE_SOURCE;
				MTL_FAST_MATH = YES;
				ONLY_ACTIVE_ARCH = YES;
				SDKROOT = iphoneos;
				SWIFT_ACTIVE_COMPILATION_CONDITIONS = DEBUG;
				SWIFT_OPTIMIZATION_LEVEL = "-Onone";
			};
			name = Debug;
		};
		857820042B6F99E600ECA1B7 /* Release */ = {
			isa = XCBuildConfiguration;
			buildSettings = {
				ALWAYS_SEARCH_USER_PATHS = NO;
				CLANG_ANALYZER_NONNULL = YES;
				CLANG_ANALYZER_NUMBER_OBJECT_CONVERSION = YES_AGGRESSIVE;
				CLANG_CXX_LANGUAGE_STANDARD = "gnu++20";
				CLANG_ENABLE_MODULES = YES;
				CLANG_ENABLE_OBJC_ARC = YES;
				CLANG_ENABLE_OBJC_WEAK = YES;
				CLANG_WARN_BLOCK_CAPTURE_AUTORELEASING = YES;
				CLANG_WARN_BOOL_CONVERSION = YES;
				CLANG_WARN_COMMA = YES;
				CLANG_WARN_CONSTANT_CONVERSION = YES;
				CLANG_WARN_DEPRECATED_OBJC_IMPLEMENTATIONS = YES;
				CLANG_WARN_DIRECT_OBJC_ISA_USAGE = YES_ERROR;
				CLANG_WARN_DOCUMENTATION_COMMENTS = YES;
				CLANG_WARN_EMPTY_BODY = YES;
				CLANG_WARN_ENUM_CONVERSION = YES;
				CLANG_WARN_INFINITE_RECURSION = YES;
				CLANG_WARN_INT_CONVERSION = YES;
				CLANG_WARN_NON_LITERAL_NULL_CONVERSION = YES;
				CLANG_WARN_OBJC_IMPLICIT_RETAIN_SELF = YES;
				CLANG_WARN_OBJC_LITERAL_CONVERSION = YES;
				CLANG_WARN_OBJC_ROOT_CLASS = YES_ERROR;
				CLANG_WARN_QUOTED_INCLUDE_IN_FRAMEWORK_HEADER = YES;
				CLANG_WARN_RANGE_LOOP_ANALYSIS = YES;
				CLANG_WARN_STRICT_PROTOTYPES = YES;
				CLANG_WARN_SUSPICIOUS_MOVE = YES;
				CLANG_WARN_UNGUARDED_AVAILABILITY = YES_AGGRESSIVE;
				CLANG_WARN_UNREACHABLE_CODE = YES;
				CLANG_WARN__DUPLICATE_METHOD_MATCH = YES;
				COPY_PHASE_STRIP = NO;
				DEBUG_INFORMATION_FORMAT = "dwarf-with-dsym";
				ENABLE_NS_ASSERTIONS = NO;
				ENABLE_STRICT_OBJC_MSGSEND = YES;
				GCC_C_LANGUAGE_STANDARD = gnu11;
				GCC_NO_COMMON_BLOCKS = YES;
				GCC_WARN_64_TO_32_BIT_CONVERSION = YES;
				GCC_WARN_ABOUT_RETURN_TYPE = YES_ERROR;
				GCC_WARN_UNDECLARED_SELECTOR = YES;
				GCC_WARN_UNINITIALIZED_AUTOS = YES_AGGRESSIVE;
				GCC_WARN_UNUSED_FUNCTION = YES;
				GCC_WARN_UNUSED_VARIABLE = YES;
				IPHONEOS_DEPLOYMENT_TARGET = 16.2;
				MTL_ENABLE_DEBUG_INFO = NO;
				MTL_FAST_MATH = YES;
				SDKROOT = iphoneos;
				SWIFT_COMPILATION_MODE = wholemodule;
				SWIFT_OPTIMIZATION_LEVEL = "-O";
				VALIDATE_PRODUCT = YES;
			};
			name = Release;
		};
		857820062B6F99E600ECA1B7 /* Debug */ = {
			isa = XCBuildConfiguration;
			buildSettings = {
				ASSETCATALOG_COMPILER_APPICON_NAME = AppIcon;
				ASSETCATALOG_COMPILER_GLOBAL_ACCENT_COLOR_NAME = AccentColor;
				CODE_SIGN_STYLE = Automatic;
				CURRENT_PROJECT_VERSION = 1;
				DEVELOPMENT_TEAM = 5DK3KGMSC2;
				GENERATE_INFOPLIST_FILE = YES;
				INFOPLIST_FILE = AVPlayerApp/Info.plist;
				INFOPLIST_KEY_UIApplicationSupportsIndirectInputEvents = YES;
				INFOPLIST_KEY_UILaunchStoryboardName = LaunchScreen;
				INFOPLIST_KEY_UIMainStoryboardFile = "";
				INFOPLIST_KEY_UISupportedInterfaceOrientations_iPad = "UIInterfaceOrientationPortrait UIInterfaceOrientationPortraitUpsideDown UIInterfaceOrientationLandscapeLeft UIInterfaceOrientationLandscapeRight";
				INFOPLIST_KEY_UISupportedInterfaceOrientations_iPhone = "UIInterfaceOrientationPortrait UIInterfaceOrientationLandscapeLeft UIInterfaceOrientationLandscapeRight";
				LD_RUNPATH_SEARCH_PATHS = (
					"$(inherited)",
					"@executable_path/Frameworks",
				);
				MARKETING_VERSION = 1.0;
				PRODUCT_BUNDLE_IDENTIFIER = devYunus.AVPlayerApp;
				PRODUCT_NAME = "$(TARGET_NAME)";
				SWIFT_EMIT_LOC_STRINGS = YES;
				SWIFT_VERSION = 5.0;
				TARGETED_DEVICE_FAMILY = "1,2";
			};
			name = Debug;
		};
		857820072B6F99E600ECA1B7 /* Release */ = {
			isa = XCBuildConfiguration;
			buildSettings = {
				ASSETCATALOG_COMPILER_APPICON_NAME = AppIcon;
				ASSETCATALOG_COMPILER_GLOBAL_ACCENT_COLOR_NAME = AccentColor;
				CODE_SIGN_STYLE = Automatic;
				CURRENT_PROJECT_VERSION = 1;
				DEVELOPMENT_TEAM = 5DK3KGMSC2;
				GENERATE_INFOPLIST_FILE = YES;
				INFOPLIST_FILE = AVPlayerApp/Info.plist;
				INFOPLIST_KEY_UIApplicationSupportsIndirectInputEvents = YES;
				INFOPLIST_KEY_UILaunchStoryboardName = LaunchScreen;
				INFOPLIST_KEY_UIMainStoryboardFile = "";
				INFOPLIST_KEY_UISupportedInterfaceOrientations_iPad = "UIInterfaceOrientationPortrait UIInterfaceOrientationPortraitUpsideDown UIInterfaceOrientationLandscapeLeft UIInterfaceOrientationLandscapeRight";
				INFOPLIST_KEY_UISupportedInterfaceOrientations_iPhone = "UIInterfaceOrientationPortrait UIInterfaceOrientationLandscapeLeft UIInterfaceOrientationLandscapeRight";
				LD_RUNPATH_SEARCH_PATHS = (
					"$(inherited)",
					"@executable_path/Frameworks",
				);
				MARKETING_VERSION = 1.0;
				PRODUCT_BUNDLE_IDENTIFIER = devYunus.AVPlayerApp;
				PRODUCT_NAME = "$(TARGET_NAME)";
				SWIFT_EMIT_LOC_STRINGS = YES;
				SWIFT_VERSION = 5.0;
				TARGETED_DEVICE_FAMILY = "1,2";
			};
			name = Release;
		};
/* End XCBuildConfiguration section */

/* Begin XCConfigurationList section */
		85781FEC2B6F99E400ECA1B7 /* Build configuration list for PBXProject "AVPlayerApp" */ = {
			isa = XCConfigurationList;
			buildConfigurations = (
				857820032B6F99E600ECA1B7 /* Debug */,
				857820042B6F99E600ECA1B7 /* Release */,
			);
			defaultConfigurationIsVisible = 0;
			defaultConfigurationName = Release;
		};
		857820052B6F99E600ECA1B7 /* Build configuration list for PBXNativeTarget "AVPlayerApp" */ = {
			isa = XCConfigurationList;
			buildConfigurations = (
				857820062B6F99E600ECA1B7 /* Debug */,
				857820072B6F99E600ECA1B7 /* Release */,
			);
			defaultConfigurationIsVisible = 0;
			defaultConfigurationName = Release;
		};
/* End XCConfigurationList section */
	};
	rootObject = 85781FE92B6F99E400ECA1B7 /* Project object */;
}
